
Microsoft Visual Studio Solution File, Format Version 12.00
# Visual Studio Version 17
VisualStudioVersion = 17.14.36408.4
MinimumVisualStudioVersion = 10.0.40219.1
Project("{FAE04EC0-301F-11D3-BF4B-00C04F79EFBC}") = "XooCreator.BA", "XooCreator.BA.csproj", "{3C9962A8-1CA6-4CAB-B128-4F15F81C13E5}"
EndProject
Project("{FAE04EC0-301F-11D3-BF4B-00C04F79EFBC}") = "XooCreator.Tests", "..\XooCreator.Tests\XooCreator.Tests.csproj", "{EA665297-4DC5-4A9F-A623-A4A8EE7F987B}"
EndProject
Project("{FAE04EC0-301F-11D3-BF4B-00C04F79EFBC}") = "XooCreator.DbScriptRunner", "..\XooCreator.DbScriptRunner\XooCreator.DbScriptRunner.csproj", "{50F1F363-7407-4F3E-933F-45430EE1781A}"
EndProject
Global
	GlobalSection(SolutionConfigurationPlatforms) = preSolution
		Debug|Any CPU = Debug|Any CPU
		Release|Any CPU = Release|Any CPU
	EndGlobalSection
	GlobalSection(ProjectConfigurationPlatforms) = postSolution
		{3C9962A8-1CA6-4CAB-B128-4F15F81C13E5}.Debug|Any CPU.ActiveCfg = Debug|Any CPU
		{3C9962A8-1CA6-4CAB-B128-4F15F81C13E5}.Debug|Any CPU.Build.0 = Debug|Any CPU
		{3C9962A8-1CA6-4CAB-B128-4F15F81C13E5}.Release|Any CPU.ActiveCfg = Release|Any CPU
		{3C9962A8-1CA6-4CAB-B128-4F15F81C13E5}.Release|Any CPU.Build.0 = Release|Any CPU
		{EA665297-4DC5-4A9F-A623-A4A8EE7F987B}.Debug|Any CPU.ActiveCfg = Debug|Any CPU
		{EA665297-4DC5-4A9F-A623-A4A8EE7F987B}.Debug|Any CPU.Build.0 = Debug|Any CPU
		{EA665297-4DC5-4A9F-A623-A4A8EE7F987B}.Release|Any CPU.ActiveCfg = Release|Any CPU
		{EA665297-4DC5-4A9F-A623-A4A8EE7F987B}.Release|Any CPU.Build.0 = Release|Any CPU
		{50F1F363-7407-4F3E-933F-45430EE1781A}.Debug|Any CPU.ActiveCfg = Debug|Any CPU
		{50F1F363-7407-4F3E-933F-45430EE1781A}.Debug|Any CPU.Build.0 = Debug|Any CPU
		{50F1F363-7407-4F3E-933F-45430EE1781A}.Release|Any CPU.ActiveCfg = Release|Any CPU
		{50F1F363-7407-4F3E-933F-45430EE1781A}.Release|Any CPU.Build.0 = Release|Any CPU
	EndGlobalSection
	GlobalSection(SolutionProperties) = preSolution
		HideSolutionNode = FALSE
	EndGlobalSection
	GlobalSection(ExtensibilityGlobals) = postSolution
		SolutionGuid = {D09CF661-1E5D-4DD3-B9A2-506504718BF4}
	EndGlobalSection
EndGlobal
